
Microsoft Visual Studio Solution File, Format Version 12.00
# Visual Studio Version 16
VisualStudioVersion = 16.0.30104.148
MinimumVisualStudioVersion = 10.0.40219.1
Project("{FAE04EC0-301F-11D3-BF4B-00C04F79EFBC}") = "TableQuery", "TableQuery\TableQuery.csproj", "{E117342A-B7AB-40A6-83D8-13CFC72754A7}"
EndProject
Project("{FAE04EC0-301F-11D3-BF4B-00C04F79EFBC}") = "Example", "Example\Example.csproj", "{55F7B10F-46A9-4147-8813-6782993DA2C3}"
EndProject
Global
	GlobalSection(SolutionConfigurationPlatforms) = preSolution
		Debug|Any CPU = Debug|Any CPU
		Release|Any CPU = Release|Any CPU
	EndGlobalSection
	GlobalSection(ProjectConfigurationPlatforms) = postSolution
		{E117342A-B7AB-40A6-83D8-13CFC72754A7}.Debug|Any CPU.ActiveCfg = Debug|Any CPU
		{E117342A-B7AB-40A6-83D8-13CFC72754A7}.Debug|Any CPU.Build.0 = Debug|Any CPU
		{E117342A-B7AB-40A6-83D8-13CFC72754A7}.Release|Any CPU.ActiveCfg = Release|Any CPU
		{E117342A-B7AB-40A6-83D8-13CFC72754A7}.Release|Any CPU.Build.0 = Release|Any CPU
		{55F7B10F-46A9-4147-8813-6782993DA2C3}.Debug|Any CPU.ActiveCfg = Debug|Any CPU
		{55F7B10F-46A9-4147-8813-6782993DA2C3}.Debug|Any CPU.Build.0 = Debug|Any CPU
		{55F7B10F-46A9-4147-8813-6782993DA2C3}.Release|Any CPU.ActiveCfg = Release|Any CPU
		{55F7B10F-46A9-4147-8813-6782993DA2C3}.Release|Any CPU.Build.0 = Release|Any CPU
	EndGlobalSection
	GlobalSection(SolutionProperties) = preSolution
		HideSolutionNode = FALSE
	EndGlobalSection
	GlobalSection(ExtensibilityGlobals) = postSolution
		SolutionGuid = {A5B6E83E-B139-4383-8941-AE7D90E7D57E}
	EndGlobalSection
EndGlobal
